# THIS IS AN AUTOGENERATED FILE. DO NOT EDIT THIS FILE DIRECTLY.
# yarn lockfile v1


dayjs@1.8.0:
  version "1.8.0"
  resolved "https://registry.yarnpkg.com/dayjs/-/dayjs-1.8.0.tgz#507963ac3023f4b1f9f399a278356946fc4c9ae9"

vant-weapp@0.5.4:
  version "0.5.4"
  resolved "https://registry.yarnpkg.com/vant-weapp/-/vant-weapp-0.5.4.tgz#db2a44eb10e37502f32de992feeb4c08673c450e"
